// !$*UTF8*$!
{
	archiveVersion = 1;
	classes = {
	};
	objectVersion = 46;
	objects = {

/* Begin PBXBuildFile section */
		CE84126F1E5E9A7E0089F5CF /* AppDelegate.swift in Sources */ = {isa = PBXBuildFile; fileRef = CE84126E1E5E9A7E0089F5CF /* AppDelegate.swift */; };
		CE8412711E5E9A7E0089F5CF /* ViewController.swift in Sources */ = {isa = PBXBuildFile; fileRef = CE8412701E5E9A7E0089F5CF /* ViewController.swift */; };
		CE8412741E5E9A7E0089F5CF /* Main.storyboard in Resources */ = {isa = PBXBuildFile; fileRef = CE8412721E5E9A7E0089F5CF /* Main.storyboard */; };
		CE8412761E5E9A7E0089F5CF /* Assets.xcassets in Resources */ = {isa = PBXBuildFile; fileRef = CE8412751E5E9A7E0089F5CF /* Assets.xcassets */; };
		CE8412791E5E9A7E0089F5CF /* LaunchScreen.storyboard in Resources */ = {isa = PBXBuildFile; fileRef = CE8412771E5E9A7E0089F5CF /* LaunchScreen.storyboard */; };
/* End PBXBuildFile section */

/* Begin PBXFileReference section */
		CE84126B1E5E9A7E0089F5CF /* CarthagePlayground.app */ = {isa = PBXFileReference; explicitFileType = wrapper.application; includeInIndex = 0; path = CarthagePlayground.app; sourceTree = BUILT_PRODUCTS_DIR; };
		CE84126E1E5E9A7E0089F5CF /* AppDelegate.swift */ = {isa = PBXFileReference; lastKnownFileType = sourcecode.swift; path = AppDelegate.swift; sourceTree = "<group>"; };
		CE8412701E5E9A7E0089F5CF /* ViewController.swift */ = {isa = PBXFileReference; lastKnownFileType = sourcecode.swift; path = ViewController.swift; sourceTree = "<group>"; };
		CE8412731E5E9A7E0089F5CF /* Base */ = {isa = PBXFileReference; lastKnownFileType = file.storyboard; name = Base; path = Base.lproj/Main.storyboard; sourceTree = "<group>"; };
		CE8412751E5E9A7E0089F5CF /* Assets.xcassets */ = {isa = PBXFileReference; lastKnownFileType = folder.assetcatalog; path = Assets.xcassets; sourceTree = "<group>"; };
		CE8412781E5E9A7E0089F5CF /* Base */ = {isa = PBXFileReference; lastKnownFileType = file.storyboard; name = Base; path = Base.lproj/LaunchScreen.storyboard; sourceTree = "<group>"; };
		CE84127A1E5E9A7E0089F5CF /* Info.plist */ = {isa = PBXFileReference; lastKnownFileType = text.plist.xml; path = Info.plist; sourceTree = "<group>"; };
		CE8412801E5E9A950089F5CF /* CarthagePlayground.playground */ = {isa = PBXFileReference; lastKnownFileType = file.playground; path = CarthagePlayground.playground; sourceTree = "<group>"; };
/* End PBXFileReference section */

/* Begin PBXFrameworksBuildPhase section */
		CE8412681E5E9A7E0089F5CF /* Frameworks */ = {
			isa = PBXFrameworksBuildPhase;
			buildActionMask = 2147483647;
			files = (
			);
			runOnlyForDeploymentPostprocessing = 0;
		};
/* End PBXFrameworksBuildPhase section */

/* Begin PBXGroup section */
		CE8412621E5E9A7E0089F5CF = {
			isa = PBXGroup;
			children = (
				CE8412801E5E9A950089F5CF /* CarthagePlayground.playground */,
				CE84126D1E5E9A7E0089F5CF /* CarthagePlayground */,
				CE8412811E5E9C6C0089F5CF /* Frameworks */,
				CE84126C1E5E9A7E0089F5CF /* Products */,
			);
			sourceTree = "<group>";
		};
		CE84126C1E5E9A7E0089F5CF /* Products */ = {
			isa = PBXGroup;
			children = (
				CE84126B1E5E9A7E0089F5CF /* CarthagePlayground.app */,
			);
			name = Products;
			sourceTree = "<group>";
		};
		CE84126D1E5E9A7E0089F5CF /* CarthagePlayground */ = {
			isa = PBXGroup;
			children = (
				CE84126E1E5E9A7E0089F5CF /* AppDelegate.swift */,
				CE8412701E5E9A7E0089F5CF /* ViewController.swift */,
				CE8412721E5E9A7E0089F5CF /* Main.storyboard */,
				CE8412751E5E9A7E0089F5CF /* Assets.xcassets */,
				CE8412771E5E9A7E0089F5CF /* LaunchScreen.storyboard */,
				CE84127A1E5E9A7E0089F5CF /* Info.plist */,
			);
			path = CarthagePlayground;
			sourceTree = "<group>";
		};
		CE8412811E5E9C6C0089F5CF /* Frameworks */ = {
			isa = PBXGroup;
			children = (
			);
			name = Frameworks;
			sourceTree = "<group>";
		};
/* End PBXGroup section */

/* Begin PBXNativeTarget section */
		CE84126A1E5E9A7E0089F5CF /* CarthagePlayground */ = {
			isa = PBXNativeTarget;
			buildConfigurationList = CE84127D1E5E9A7E0089F5CF /* Build configuration list for PBXNativeTarget "CarthagePlayground" */;
			buildPhases = (
				CE8412671E5E9A7E0089F5CF /* Sources */,
				CE8412681E5E9A7E0089F5CF /* Frameworks */,
				CE8412691E5E9A7E0089F5CF /* Resources */,
			);
			buildRules = (
			);
			dependencies = (
			);
			name = CarthagePlayground;
			productName = CarthagePlayground;
			productReference = CE84126B1E5E9A7E0089F5CF /* CarthagePlayground.app */;
			productType = "com.apple.product-type.application";
		};
/* End PBXNativeTarget section */

/* Begin PBXProject section */
		CE8412631E5E9A7E0089F5CF /* Project object */ = {
			isa = PBXProject;
			attributes = {
				LastSwiftUpdateCheck = 0820;
				LastUpgradeCheck = 0820;
				ORGANIZATIONNAME = VASILY;
				TargetAttributes = {
					CE84126A1E5E9A7E0089F5CF = {
						CreatedOnToolsVersion = 8.2.1;
						DevelopmentTeam = ZX4AV7HKD2;
						ProvisioningStyle = Automatic;
					};
				};
			};
			buildConfigurationList = CE8412661E5E9A7E0089F5CF /* Build configuration list for PBXProject "CarthagePlayground" */;
			compatibilityVersion = "Xcode 3.2";
			developmentRegion = English;
			hasScannedForEncodings = 0;
			knownRegions = (
				en,
				Base,
			);
			mainGroup = CE8412621E5E9A7E0089F5CF;
			productRefGroup = CE84126C1E5E9A7E0089F5CF /* Products */;
			projectDirPath = "";
			projectRoot = "";
			targets = (
				CE84126A1E5E9A7E0089F5CF /* CarthagePlayground */,
			);
		};
/* End PBXProject section */

/* Begin PBXResourcesBuildPhase section */
		CE8412691E5E9A7E0089F5CF /* Resources */ = {
			isa = PBXResourcesBuildPhase;
			buildActionMask = 2147483647;
			files = (
				CE8412791E5E9A7E0089F5CF /* LaunchScreen.storyboard in Resources */,
				CE8412761E5E9A7E0089F5CF /* Assets.xcassets in Resources */,
				CE8412741E5E9A7E0089F5CF /* Main.storyboard in Resources */,
			);
			runOnlyForDeploymentPostprocessing = 0;
		};
/* End PBXResourcesBuildPhase section */

/* Begin PBXSourcesBuildPhase section */
		CE8412671E5E9A7E0089F5CF /* Sources */ = {
			isa = PBXSourcesBuildPhase;
			buildActionMask = 2147483647;
			files = (
				CE8412711E5E9A7E0089F5CF /* ViewController.swift in Sources */,
				CE84126F1E5E9A7E0089F5CF /* AppDelegate.swift in Sources */,
			);
			runOnlyForDeploymentPostprocessing = 0;
		};
/* End PBXSourcesBuildPhase section */

/* Begin PBXVariantGroup section */
		CE8412721E5E9A7E0089F5CF /* Main.storyboard */ = {
			isa = PBXVariantGroup;
			children = (
				CE8412731E5E9A7E0089F5CF /* Base */,
			);
			name = Main.storyboard;
			sourceTree = "<group>";
		};
		CE8412771E5E9A7E0089F5CF /* LaunchScreen.storyboard */ = {
			isa = PBXVariantGroup;
			children = (
				CE8412781E5E9A7E0089F5CF /* Base */,
			);
			name = LaunchScreen.storyboard;
			sourceTree = "<group>";
		};
/* End PBXVariantGroup section */

/* Begin XCBuildConfiguration section */
		CE84127B1E5E9A7E0089F5CF /* Debug */ = {
			isa = XCBuildConfiguration;
			buildSettings = {
				ALWAYS_SEARCH_USER_PATHS = NO;
				CLANG_ANALYZER_NONNULL = YES;
				CLANG_CXX_LANGUAGE_STANDARD = "gnu++0x";
				CLANG_CXX_LIBRARY = "libc++";
				CLANG_ENABLE_MODULES = YES;
				CLANG_ENABLE_OBJC_ARC = YES;
				CLANG_WARN_BOOL_CONVERSION = YES;
				CLANG_WARN_CONSTANT_CONVERSION = YES;
				CLANG_WARN_DIRECT_OBJC_ISA_USAGE = YES_ERROR;
				CLANG_WARN_DOCUMENTATION_COMMENTS = YES;
				CLANG_WARN_EMPTY_BODY = YES;
				CLANG_WARN_ENUM_CONVERSION = YES;
				CLANG_WARN_INFINITE_RECURSION = YES;
				CLANG_WARN_INT_CONVERSION = YES;
				CLANG_WARN_OBJC_ROOT_CLASS = YES_ERROR;
				CLANG_WARN_SUSPICIOUS_MOVE = YES;
				CLANG_WARN_UNREACHABLE_CODE = YES;
				CLANG_WARN__DUPLICATE_METHOD_MATCH = YES;
				"CODE_SIGN_IDENTITY[sdk=iphoneos*]" = "iPhone Developer";
				COPY_PHASE_STRIP = NO;
				DEBUG_INFORMATION_FORMAT = dwarf;
				ENABLE_STRICT_OBJC_MSGSEND = YES;
				ENABLE_TESTABILITY = YES;
				GCC_C_LANGUAGE_STANDARD = gnu99;
				GCC_DYNAMIC_NO_PIC = NO;
				GCC_NO_COMMON_BLOCKS = YES;
				GCC_OPTIMIZATION_LEVEL = 0;
				GCC_PREPROCESSOR_DEFINITIONS = (
					"DEBUG=1",
					"$(inherited)",
				);
				GCC_WARN_64_TO_32_BIT_CONVERSION = YES;
				GCC_WARN_ABOUT_RETURN_TYPE = YES_ERROR;
				GCC_WARN_UNDECLARED_SELECTOR = YES;
				GCC_WARN_UNINITIALIZED_AUTOS = YES_AGGRESSIVE;
				GCC_WARN_UNUSED_FUNCTION = YES;
				GCC_WARN_UNUSED_VARIABLE = YES;
				IPHONEOS_DEPLOYMENT_TARGET = 10.2;
				MTL_ENABLE_DEBUG_INFO = YES;
				ONLY_ACTIVE_ARCH = YES;
				SDKROOT = iphoneos;
				SWIFT_ACTIVE_COMPILATION_CONDITIONS = DEBUG;
				SWIFT_OPTIMIZATION_LEVEL = "-Onone";
				TARGETED_DEVICE_FAMILY = "1,2";
			};
			name = Debug;
		};
		CE84127C1E5E9A7E0089F5CF /* Release */ = {
			isa = XCBuildConfiguration;
			buildSettings = {
				ALWAYS_SEARCH_USER_PATHS = NO;
				CLANG_ANALYZER_NONNULL = YES;
				CLANG_CXX_LANGUAGE_STANDARD = "gnu++0x";
				CLANG_CXX_LIBRARY = "libc++";
				CLANG_ENABLE_MODULES = YES;
				CLANG_ENABLE_OBJC_ARC = YES;
				CLANG_WARN_BOOL_CONVERSION = YES;
				CLANG_WARN_CONSTANT_CONVERSION = YES;
				CLANG_WARN_DIRECT_OBJC_ISA_USAGE = YES_ERROR;
				CLANG_WARN_DOCUMENTATION_COMMENTS = YES;
				CLANG_WARN_EMPTY_BODY = YES;
				CLANG_WARN_ENUM_CONVERSION = YES;
				CLANG_WARN_INFINITE_RECURSION = YES;
				CLANG_WARN_INT_CONVERSION = YES;
				CLANG_WARN_OBJC_ROOT_CLASS = YES_ERROR;
				CLANG_WARN_SUSPICIOUS_MOVE = YES;
				CLANG_WARN_UNREACHABLE_CODE = YES;
				CLANG_WARN__DUPLICATE_METHOD_MATCH = YES;
				"CODE_SIGN_IDENTITY[sdk=iphoneos*]" = "iPhone Developer";
				COPY_PHASE_STRIP = NO;
				DEBUG_INFORMATION_FORMAT = "dwarf-with-dsym";
				ENABLE_NS_ASSERTIONS = NO;
				ENABLE_STRICT_OBJC_MSGSEND = YES;
				GCC_C_LANGUAGE_STANDARD = gnu99;
				GCC_NO_COMMON_BLOCKS = YES;
				GCC_WARN_64_TO_32_BIT_CONVERSION = YES;
				GCC_WARN_ABOUT_RETURN_TYPE = YES_ERROR;
				GCC_WARN_UNDECLARED_SELECTOR = YES;
				GCC_WARN_UNINITIALIZED_AUTOS = YES_AGGRESSIVE;
				GCC_WARN_UNUSED_FUNCTION = YES;
				GCC_WARN_UNUSED_VARIABLE = YES;
				IPHONEOS_DEPLOYMENT_TARGET = 10.2;
				MTL_ENABLE_DEBUG_INFO = NO;
				SDKROOT = iphoneos;
				SWIFT_OPTIMIZATION_LEVEL = "-Owholemodule";
				TARGETED_DEVICE_FAMILY = "1,2";
				VALIDATE_PRODUCT = YES;
			};
			name = Release;
		};
		CE84127E1E5E9A7E0089F5CF /* Debug */ = {
			isa = XCBuildConfiguration;
			buildSettings = {
				ASSETCATALOG_COMPILER_APPICON_NAME = AppIcon;
				DEVELOPMENT_TEAM = ZX4AV7HKD2;
				INFOPLIST_FILE = CarthagePlayground/Info.plist;
				LD_RUNPATH_SEARCH_PATHS = "$(inherited) @executable_path/Frameworks";
				PRODUCT_BUNDLE_IDENTIFIER = jp.co.vasily.CarthagePlayground;
				PRODUCT_NAME = "$(TARGET_NAME)";
				SWIFT_VERSION = 3.0;
			};
			name = Debug;
		};
		CE84127F1E5E9A7E0089F5CF /* Release */ = {
			isa = XCBuildConfiguration;
			buildSettings = {
				ASSETCATALOG_COMPILER_APPICON_NAME = AppIcon;
				DEVELOPMENT_TEAM = ZX4AV7HKD2;
				INFOPLIST_FILE = CarthagePlayground/Info.plist;
				LD_RUNPATH_SEARCH_PATHS = "$(inherited) @executable_path/Frameworks";
				PRODUCT_BUNDLE_IDENTIFIER = jp.co.vasily.CarthagePlayground;
				PRODUCT_NAME = "$(TARGET_NAME)";
				SWIFT_VERSION = 3.0;
			};
			name = Release;
		};
/* End XCBuildConfiguration section */

/* Begin XCConfigurationList section */
		CE8412661E5E9A7E0089F5CF /* Build configuration list for PBXProject "CarthagePlayground" */ = {
			isa = XCConfigurationList;
			buildConfigurations = (
				CE84127B1E5E9A7E0089F5CF /* Debug */,
				CE84127C1E5E9A7E0089F5CF /* Release */,
			);
			defaultConfigurationIsVisible = 0;
			defaultConfigurationName = Release;
		};
		CE84127D1E5E9A7E0089F5CF /* Build configuration list for PBXNativeTarget "CarthagePlayground" */ = {
			isa = XCConfigurationList;
			buildConfigurations = (
				CE84127E1E5E9A7E0089F5CF /* Debug */,
				CE84127F1E5E9A7E0089F5CF /* Release */,
			);
			defaultConfigurationIsVisible = 0;
			defaultConfigurationName = Release;
		};
/* End XCConfigurationList section */
	};
	rootObject = CE8412631E5E9A7E0089F5CF /* Project object */;
}
